
Microsoft Visual Studio Solution File, Format Version 12.00
# Visual Studio Version 16
VisualStudioVersion = 16.0.29209.62
MinimumVisualStudioVersion = 10.0.40219.1
Project("{9A19103F-16F7-4668-BE54-9A1E7A4F7556}") = "MultiTenantApp", "MultiTenantApp.csproj", "{37E7F94E-7D03-4B0B-B8E6-83679408D2F4}"
EndProject
Global
	GlobalSection(SolutionConfigurationPlatforms) = preSolution
		Debug|Any CPU = Debug|Any CPU
		Release|Any CPU = Release|Any CPU
	EndGlobalSection
	GlobalSection(ProjectConfigurationPlatforms) = postSolution
		{37E7F94E-7D03-4B0B-B8E6-83679408D2F4}.Debug|Any CPU.ActiveCfg = Debug|Any CPU
		{37E7F94E-7D03-4B0B-B8E6-83679408D2F4}.Debug|Any CPU.Build.0 = Debug|Any CPU
		{37E7F94E-7D03-4B0B-B8E6-83679408D2F4}.Release|Any CPU.ActiveCfg = Release|Any CPU
		{37E7F94E-7D03-4B0B-B8E6-83679408D2F4}.Release|Any CPU.Build.0 = Release|Any CPU
	EndGlobalSection
	GlobalSection(SolutionProperties) = preSolution
		HideSolutionNode = FALSE
	EndGlobalSection
	GlobalSection(ExtensibilityGlobals) = postSolution
		SolutionGuid = {81B10599-8D5E-4B70-86C4-8C11EE8BFFFF}
	EndGlobalSection
EndGlobal
